{
  "name": "bootstrap-lightbox-gallery",
  "version": "1.0.1",
  "lockfileVersion": 3,
  "requires": true,
  "packages": {
    "": {
      "name": "bootstrap-lightbox-gallery",
      "version": "1.0.1",
      "license": "MIT",
      "dependencies": {
        "bootstrap-show-modal": "^5.1.3"
      }
    },
    "node_modules/bootstrap-show-modal": {
      "version": "5.1.3",
      "resolved": "https://registry.npmjs.org/bootstrap-show-modal/-/bootstrap-show-modal-5.1.3.tgz",
      "integrity": "sha512-O/qYYXKpbfewkPkSDsElfd2Yw23a2HIvwICIPgDItHdyttQ5DwA+ppxvfCtFeRwlyWBTM6mxJEC2H65cSrwyAg=="
    }
  }
}
