{
  "name": "bootstrap-lightbox-gallery",
  "version": "1.0.1",
  "lockfileVersion": 3,
  "requires": true,
  "packages": {
    "": {
      "name": "bootstrap-lightbox-gallery",
      "version": "1.0.1",
      "license": "MIT",
      "dependencies": {
        "bootstrap-show-modal": "^6.0.3",
        "cm-web-modules": "^2.1.3"
      }
    },
    "node_modules/bootstrap-show-modal": {
      "version": "6.0.3",
      "resolved": "https://registry.npmjs.org/bootstrap-show-modal/-/bootstrap-show-modal-6.0.3.tgz",
      "integrity": "sha512-sBrtITOAdNbwBDateZ97iqvlLrQH7l3TNig+rLljB7Mxc3HaJtaMwl3GgxEgRXuqSc7scLl9RcLdX2KGpcITIA=="
    },
    "node_modules/cm-web-modules": {
      "version": "2.1.3",
      "resolved": "https://registry.npmjs.org/cm-web-modules/-/cm-web-modules-2.1.3.tgz",
      "integrity": "sha512-oTLtFJJiQfbTu/qKYRaKlWYoi9wRKRRfNp1ROkxMXKjtlAxCrSeY1CCZ6hhUV8ctDb3yJGEkXMcki9rp42zVnw=="
    }
  }
}
