{
  "name": "bootstrap-lightbox-gallery",
  "version": "1.0.20",
  "lockfileVersion": 3,
  "requires": true,
  "packages": {
    "": {
      "name": "bootstrap-lightbox-gallery",
      "version": "1.0.20",
      "license": "MIT",
      "dependencies": {
        "bootstrap-show-modal": "^6.0.10",
        "cm-web-modules": "^2.4.4"
      }
    },
    "node_modules/bootstrap-show-modal": {
      "version": "6.0.10",
      "resolved": "https://registry.npmjs.org/bootstrap-show-modal/-/bootstrap-show-modal-6.0.10.tgz",
      "integrity": "sha512-pBJcNPE2s0KtcHe+BBlZ3vW4TxFcdw2BCvZhbCMaxEL+x53q43NdSSgZuesqRnY2uUQjRm9p7URacPwM8A+WqQ==",
      "license": "MIT"
    },
    "node_modules/cm-web-modules": {
      "version": "2.4.4",
      "resolved": "https://registry.npmjs.org/cm-web-modules/-/cm-web-modules-2.4.4.tgz",
      "integrity": "sha512-lbV1GgL4RdsiEiGA87L4GB8R2UNbj0itWx7sj6rWMA3rccF+lZyOGGjjeRPlVN6aJl4QMZUGChuOGSFR3yGcDQ==",
      "license": "MIT"
    }
  }
}
